
Microsoft Visual Studio Solution File, Format Version 12.00
# Visual Studio Version 16
VisualStudioVersion = 16.0.30011.22
MinimumVisualStudioVersion = 15.0.26124.0
Project("{2150E333-8FDC-42A3-9474-1A3956D46DE8}") = "Source", "Source", "{CA8B3277-296B-4296-B945-E915EBC404A6}"
	ProjectSection(SolutionItems) = preProject
		src\Directory.Build.props = src\Directory.Build.props
	EndProjectSection
EndProject
Project("{2150E333-8FDC-42A3-9474-1A3956D46DE8}") = "Core", "Core", "{CEC6CD41-318F-468F-9555-B91557E50115}"
EndProject
Project("{9A19103F-16F7-4668-BE54-9A1E7A4F7556}") = "DotNetCenter.Core", "src\Core\Source\DotNetCenter.Core.csproj", "{D21C7638-1948-4A8E-AF0E-A45011E92F51}"
EndProject
Project("{2150E333-8FDC-42A3-9474-1A3956D46DE8}") = "Tests", "Tests", "{E54C6CE0-CAB6-4AEB-8C3E-937A5488A0E9}"
EndProject
Project("{9A19103F-16F7-4668-BE54-9A1E7A4F7556}") = "DotNetCenter.Core.UnitTest", "src\Core\Tests\UnitTest\Source\DotNetCenter.Core.UnitTest.csproj", "{81292CD9-377D-4E57-993B-980C9C6F0A4E}"
EndProject
Project("{2150E333-8FDC-42A3-9474-1A3956D46DE8}") = "ExceptionHandlers", "ExceptionHandlers", "{69D1E90D-5C86-4B44-95A2-577B0C309B09}"
EndProject
Project("{2150E333-8FDC-42A3-9474-1A3956D46DE8}") = "ErrorHandlers", "ErrorHandlers", "{E5D46B7C-8363-4E95-B2BF-BC276BB0B972}"
EndProject
Project("{9A19103F-16F7-4668-BE54-9A1E7A4F7556}") = "DotNetCenter.Core.ErrorHandlers", "src\Core\ErrorHandlers\Source\DotNetCenter.Core.ErrorHandlers.csproj", "{8D3FC5F4-6BC5-480D-92C1-B3B7FD5F9C92}"
EndProject
Project("{2150E333-8FDC-42A3-9474-1A3956D46DE8}") = "Tests", "Tests", "{16F2A7A3-5C0F-4AD0-9E0A-FCBC8B45821A}"
EndProject
Project("{9A19103F-16F7-4668-BE54-9A1E7A4F7556}") = "DotNetCenter.Core.ErrorHandlers.UnitTest", "src\Core\ErrorHandlers\Tests\UnitTest\Source\DotNetCenter.Core.ErrorHandlers.UnitTest.csproj", "{A9705BF7-A654-4BA8-9E20-5B0A28675EFA}"
EndProject
Project("{2150E333-8FDC-42A3-9474-1A3956D46DE8}") = "Tests", "Tests", "{A0AEECA5-3A8E-4FD9-A62F-263B5A9299FB}"
EndProject
Project("{9A19103F-16F7-4668-BE54-9A1E7A4F7556}") = "DotNetCenter.Core.ExceptionHandlers", "src\Core\ExceptionHandlers\Source\DotNetCenter.Core.ExceptionHandlers.csproj", "{A6191891-9E8E-4E5C-9E12-F3EA1609CE19}"
EndProject
Project("{9A19103F-16F7-4668-BE54-9A1E7A4F7556}") = "DotNetCenter.Core.ExceptionHandlers.UnitTest", "src\Core\ExceptionHandlers\Tests\UnitTest\Source\DotNetCenter.Core.ExceptionHandlers.UnitTest.csproj", "{8DBBABA7-E4B2-4BC3-A7F6-75995C9FB846}"
EndProject
Project("{2150E333-8FDC-42A3-9474-1A3956D46DE8}") = "Entities", "Entities", "{9DE06FC6-35D6-4875-BFD8-A99269CB1E58}"
EndProject
Project("{9A19103F-16F7-4668-BE54-9A1E7A4F7556}") = "DotNetCenter.Core.Entities", "src\Core\Entities\Source\DotNetCenter.Core.Entities.csproj", "{25F648B9-C2DE-4014-A708-42EFB5F615B5}"
EndProject
Project("{2150E333-8FDC-42A3-9474-1A3956D46DE8}") = "Tests", "Tests", "{6EC9BF1C-B069-4CBD-8C2E-25FDC5B27BC5}"
EndProject
Project("{9A19103F-16F7-4668-BE54-9A1E7A4F7556}") = "DotNetCenter.Core.Entities.UnitTest", "src\Core\Entities\Tests\UnitTest\Source\DotNetCenter.Core.Entities.UnitTest.csproj", "{50BD897B-E8BD-4E07-84F7-371F326EEB19}"
EndProject
Project("{2150E333-8FDC-42A3-9474-1A3956D46DE8}") = "Linq", "Linq", "{6BBDA24F-3CD8-4B3F-AEDA-67650DA1F852}"
EndProject
Project("{9A19103F-16F7-4668-BE54-9A1E7A4F7556}") = "DotNetCenter.Core.Linq", "src\Core\Linq\Source\DotNetCenter.Core.Linq.csproj", "{FB0F1284-F5F8-40A5-9154-E4A16F571347}"
EndProject
Project("{2150E333-8FDC-42A3-9474-1A3956D46DE8}") = "Tests", "Tests", "{8FAF7DCA-C819-4ECF-94EE-D73D5BF76DBD}"
EndProject
Project("{9A19103F-16F7-4668-BE54-9A1E7A4F7556}") = "DotNetCenter.Core.Linq.UnitTest", "src\Core\Linq\Tests\UnitTest\Source\DotNetCenter.Core.Linq.UnitTest.csproj", "{06B9A6FE-E805-43DA-9FCF-87FA922838C9}"
EndProject
Global
	GlobalSection(SolutionConfigurationPlatforms) = preSolution
		Debug|Any CPU = Debug|Any CPU
		Debug|x64 = Debug|x64
		Debug|x86 = Debug|x86
		Release|Any CPU = Release|Any CPU
		Release|x64 = Release|x64
		Release|x86 = Release|x86
	EndGlobalSection
	GlobalSection(ProjectConfigurationPlatforms) = postSolution
		{D21C7638-1948-4A8E-AF0E-A45011E92F51}.Debug|Any CPU.ActiveCfg = Debug|Any CPU
		{D21C7638-1948-4A8E-AF0E-A45011E92F51}.Debug|Any CPU.Build.0 = Debug|Any CPU
		{D21C7638-1948-4A8E-AF0E-A45011E92F51}.Debug|x64.ActiveCfg = Debug|Any CPU
		{D21C7638-1948-4A8E-AF0E-A45011E92F51}.Debug|x64.Build.0 = Debug|Any CPU
		{D21C7638-1948-4A8E-AF0E-A45011E92F51}.Debug|x86.ActiveCfg = Debug|Any CPU
		{D21C7638-1948-4A8E-AF0E-A45011E92F51}.Debug|x86.Build.0 = Debug|Any CPU
		{D21C7638-1948-4A8E-AF0E-A45011E92F51}.Release|Any CPU.ActiveCfg = Release|Any CPU
		{D21C7638-1948-4A8E-AF0E-A45011E92F51}.Release|Any CPU.Build.0 = Release|Any CPU
		{D21C7638-1948-4A8E-AF0E-A45011E92F51}.Release|x64.ActiveCfg = Release|Any CPU
		{D21C7638-1948-4A8E-AF0E-A45011E92F51}.Release|x64.Build.0 = Release|Any CPU
		{D21C7638-1948-4A8E-AF0E-A45011E92F51}.Release|x86.ActiveCfg = Release|Any CPU
		{D21C7638-1948-4A8E-AF0E-A45011E92F51}.Release|x86.Build.0 = Release|Any CPU
		{81292CD9-377D-4E57-993B-980C9C6F0A4E}.Debug|Any CPU.ActiveCfg = Debug|Any CPU
		{81292CD9-377D-4E57-993B-980C9C6F0A4E}.Debug|Any CPU.Build.0 = Debug|Any CPU
		{81292CD9-377D-4E57-993B-980C9C6F0A4E}.Debug|x64.ActiveCfg = Debug|Any CPU
		{81292CD9-377D-4E57-993B-980C9C6F0A4E}.Debug|x64.Build.0 = Debug|Any CPU
		{81292CD9-377D-4E57-993B-980C9C6F0A4E}.Debug|x86.ActiveCfg = Debug|Any CPU
		{81292CD9-377D-4E57-993B-980C9C6F0A4E}.Debug|x86.Build.0 = Debug|Any CPU
		{81292CD9-377D-4E57-993B-980C9C6F0A4E}.Release|Any CPU.ActiveCfg = Release|Any CPU
		{81292CD9-377D-4E57-993B-980C9C6F0A4E}.Release|Any CPU.Build.0 = Release|Any CPU
		{81292CD9-377D-4E57-993B-980C9C6F0A4E}.Release|x64.ActiveCfg = Release|Any CPU
		{81292CD9-377D-4E57-993B-980C9C6F0A4E}.Release|x64.Build.0 = Release|Any CPU
		{81292CD9-377D-4E57-993B-980C9C6F0A4E}.Release|x86.ActiveCfg = Release|Any CPU
		{81292CD9-377D-4E57-993B-980C9C6F0A4E}.Release|x86.Build.0 = Release|Any CPU
		{8D3FC5F4-6BC5-480D-92C1-B3B7FD5F9C92}.Debug|Any CPU.ActiveCfg = Debug|Any CPU
		{8D3FC5F4-6BC5-480D-92C1-B3B7FD5F9C92}.Debug|Any CPU.Build.0 = Debug|Any CPU
		{8D3FC5F4-6BC5-480D-92C1-B3B7FD5F9C92}.Debug|x64.ActiveCfg = Debug|Any CPU
		{8D3FC5F4-6BC5-480D-92C1-B3B7FD5F9C92}.Debug|x64.Build.0 = Debug|Any CPU
		{8D3FC5F4-6BC5-480D-92C1-B3B7FD5F9C92}.Debug|x86.ActiveCfg = Debug|Any CPU
		{8D3FC5F4-6BC5-480D-92C1-B3B7FD5F9C92}.Debug|x86.Build.0 = Debug|Any CPU
		{8D3FC5F4-6BC5-480D-92C1-B3B7FD5F9C92}.Release|Any CPU.ActiveCfg = Release|Any CPU
		{8D3FC5F4-6BC5-480D-92C1-B3B7FD5F9C92}.Release|Any CPU.Build.0 = Release|Any CPU
		{8D3FC5F4-6BC5-480D-92C1-B3B7FD5F9C92}.Release|x64.ActiveCfg = Release|Any CPU
		{8D3FC5F4-6BC5-480D-92C1-B3B7FD5F9C92}.Release|x64.Build.0 = Release|Any CPU
		{8D3FC5F4-6BC5-480D-92C1-B3B7FD5F9C92}.Release|x86.ActiveCfg = Release|Any CPU
		{8D3FC5F4-6BC5-480D-92C1-B3B7FD5F9C92}.Release|x86.Build.0 = Release|Any CPU
		{A9705BF7-A654-4BA8-9E20-5B0A28675EFA}.Debug|Any CPU.ActiveCfg = Debug|Any CPU
		{A9705BF7-A654-4BA8-9E20-5B0A28675EFA}.Debug|Any CPU.Build.0 = Debug|Any CPU
		{A9705BF7-A654-4BA8-9E20-5B0A28675EFA}.Debug|x64.ActiveCfg = Debug|Any CPU
		{A9705BF7-A654-4BA8-9E20-5B0A28675EFA}.Debug|x64.Build.0 = Debug|Any CPU
		{A9705BF7-A654-4BA8-9E20-5B0A28675EFA}.Debug|x86.ActiveCfg = Debug|Any CPU
		{A9705BF7-A654-4BA8-9E20-5B0A28675EFA}.Debug|x86.Build.0 = Debug|Any CPU
		{A9705BF7-A654-4BA8-9E20-5B0A28675EFA}.Release|Any CPU.ActiveCfg = Release|Any CPU
		{A9705BF7-A654-4BA8-9E20-5B0A28675EFA}.Release|Any CPU.Build.0 = Release|Any CPU
		{A9705BF7-A654-4BA8-9E20-5B0A28675EFA}.Release|x64.ActiveCfg = Release|Any CPU
		{A9705BF7-A654-4BA8-9E20-5B0A28675EFA}.Release|x64.Build.0 = Release|Any CPU
		{A9705BF7-A654-4BA8-9E20-5B0A28675EFA}.Release|x86.ActiveCfg = Release|Any CPU
		{A9705BF7-A654-4BA8-9E20-5B0A28675EFA}.Release|x86.Build.0 = Release|Any CPU
		{A6191891-9E8E-4E5C-9E12-F3EA1609CE19}.Debug|Any CPU.ActiveCfg = Debug|Any CPU
		{A6191891-9E8E-4E5C-9E12-F3EA1609CE19}.Debug|Any CPU.Build.0 = Debug|Any CPU
		{A6191891-9E8E-4E5C-9E12-F3EA1609CE19}.Debug|x64.ActiveCfg = Debug|Any CPU
		{A6191891-9E8E-4E5C-9E12-F3EA1609CE19}.Debug|x64.Build.0 = Debug|Any CPU
		{A6191891-9E8E-4E5C-9E12-F3EA1609CE19}.Debug|x86.ActiveCfg = Debug|Any CPU
		{A6191891-9E8E-4E5C-9E12-F3EA1609CE19}.Debug|x86.Build.0 = Debug|Any CPU
		{A6191891-9E8E-4E5C-9E12-F3EA1609CE19}.Release|Any CPU.ActiveCfg = Release|Any CPU
		{A6191891-9E8E-4E5C-9E12-F3EA1609CE19}.Release|Any CPU.Build.0 = Release|Any CPU
		{A6191891-9E8E-4E5C-9E12-F3EA1609CE19}.Release|x64.ActiveCfg = Release|Any CPU
		{A6191891-9E8E-4E5C-9E12-F3EA1609CE19}.Release|x64.Build.0 = Release|Any CPU
		{A6191891-9E8E-4E5C-9E12-F3EA1609CE19}.Release|x86.ActiveCfg = Release|Any CPU
		{A6191891-9E8E-4E5C-9E12-F3EA1609CE19}.Release|x86.Build.0 = Release|Any CPU
		{8DBBABA7-E4B2-4BC3-A7F6-75995C9FB846}.Debug|Any CPU.ActiveCfg = Debug|Any CPU
		{8DBBABA7-E4B2-4BC3-A7F6-75995C9FB846}.Debug|Any CPU.Build.0 = Debug|Any CPU
		{8DBBABA7-E4B2-4BC3-A7F6-75995C9FB846}.Debug|x64.ActiveCfg = Debug|Any CPU
		{8DBBABA7-E4B2-4BC3-A7F6-75995C9FB846}.Debug|x64.Build.0 = Debug|Any CPU
		{8DBBABA7-E4B2-4BC3-A7F6-75995C9FB846}.Debug|x86.ActiveCfg = Debug|Any CPU
		{8DBBABA7-E4B2-4BC3-A7F6-75995C9FB846}.Debug|x86.Build.0 = Debug|Any CPU
		{8DBBABA7-E4B2-4BC3-A7F6-75995C9FB846}.Release|Any CPU.ActiveCfg = Release|Any CPU
		{8DBBABA7-E4B2-4BC3-A7F6-75995C9FB846}.Release|Any CPU.Build.0 = Release|Any CPU
		{8DBBABA7-E4B2-4BC3-A7F6-75995C9FB846}.Release|x64.ActiveCfg = Release|Any CPU
		{8DBBABA7-E4B2-4BC3-A7F6-75995C9FB846}.Release|x64.Build.0 = Release|Any CPU
		{8DBBABA7-E4B2-4BC3-A7F6-75995C9FB846}.Release|x86.ActiveCfg = Release|Any CPU
		{8DBBABA7-E4B2-4BC3-A7F6-75995C9FB846}.Release|x86.Build.0 = Release|Any CPU
		{25F648B9-C2DE-4014-A708-42EFB5F615B5}.Debug|Any CPU.ActiveCfg = Debug|Any CPU
		{25F648B9-C2DE-4014-A708-42EFB5F615B5}.Debug|Any CPU.Build.0 = Debug|Any CPU
		{25F648B9-C2DE-4014-A708-42EFB5F615B5}.Debug|x64.ActiveCfg = Debug|Any CPU
		{25F648B9-C2DE-4014-A708-42EFB5F615B5}.Debug|x64.Build.0 = Debug|Any CPU
		{25F648B9-C2DE-4014-A708-42EFB5F615B5}.Debug|x86.ActiveCfg = Debug|Any CPU
		{25F648B9-C2DE-4014-A708-42EFB5F615B5}.Debug|x86.Build.0 = Debug|Any CPU
		{25F648B9-C2DE-4014-A708-42EFB5F615B5}.Release|Any CPU.ActiveCfg = Release|Any CPU
		{25F648B9-C2DE-4014-A708-42EFB5F615B5}.Release|Any CPU.Build.0 = Release|Any CPU
		{25F648B9-C2DE-4014-A708-42EFB5F615B5}.Release|x64.ActiveCfg = Release|Any CPU
		{25F648B9-C2DE-4014-A708-42EFB5F615B5}.Release|x64.Build.0 = Release|Any CPU
		{25F648B9-C2DE-4014-A708-42EFB5F615B5}.Release|x86.ActiveCfg = Release|Any CPU
		{25F648B9-C2DE-4014-A708-42EFB5F615B5}.Release|x86.Build.0 = Release|Any CPU
		{50BD897B-E8BD-4E07-84F7-371F326EEB19}.Debug|Any CPU.ActiveCfg = Debug|Any CPU
		{50BD897B-E8BD-4E07-84F7-371F326EEB19}.Debug|Any CPU.Build.0 = Debug|Any CPU
		{50BD897B-E8BD-4E07-84F7-371F326EEB19}.Debug|x64.ActiveCfg = Debug|Any CPU
		{50BD897B-E8BD-4E07-84F7-371F326EEB19}.Debug|x64.Build.0 = Debug|Any CPU
		{50BD897B-E8BD-4E07-84F7-371F326EEB19}.Debug|x86.ActiveCfg = Debug|Any CPU
		{50BD897B-E8BD-4E07-84F7-371F326EEB19}.Debug|x86.Build.0 = Debug|Any CPU
		{50BD897B-E8BD-4E07-84F7-371F326EEB19}.Release|Any CPU.ActiveCfg = Release|Any CPU
		{50BD897B-E8BD-4E07-84F7-371F326EEB19}.Release|Any CPU.Build.0 = Release|Any CPU
		{50BD897B-E8BD-4E07-84F7-371F326EEB19}.Release|x64.ActiveCfg = Release|Any CPU
		{50BD897B-E8BD-4E07-84F7-371F326EEB19}.Release|x64.Build.0 = Release|Any CPU
		{50BD897B-E8BD-4E07-84F7-371F326EEB19}.Release|x86.ActiveCfg = Release|Any CPU
		{50BD897B-E8BD-4E07-84F7-371F326EEB19}.Release|x86.Build.0 = Release|Any CPU
		{FB0F1284-F5F8-40A5-9154-E4A16F571347}.Debug|Any CPU.ActiveCfg = Debug|Any CPU
		{FB0F1284-F5F8-40A5-9154-E4A16F571347}.Debug|Any CPU.Build.0 = Debug|Any CPU
		{FB0F1284-F5F8-40A5-9154-E4A16F571347}.Debug|x64.ActiveCfg = Debug|Any CPU
		{FB0F1284-F5F8-40A5-9154-E4A16F571347}.Debug|x64.Build.0 = Debug|Any CPU
		{FB0F1284-F5F8-40A5-9154-E4A16F571347}.Debug|x86.ActiveCfg = Debug|Any CPU
		{FB0F1284-F5F8-40A5-9154-E4A16F571347}.Debug|x86.Build.0 = Debug|Any CPU
		{FB0F1284-F5F8-40A5-9154-E4A16F571347}.Release|Any CPU.ActiveCfg = Release|Any CPU
		{FB0F1284-F5F8-40A5-9154-E4A16F571347}.Release|Any CPU.Build.0 = Release|Any CPU
		{FB0F1284-F5F8-40A5-9154-E4A16F571347}.Release|x64.ActiveCfg = Release|Any CPU
		{FB0F1284-F5F8-40A5-9154-E4A16F571347}.Release|x64.Build.0 = Release|Any CPU
		{FB0F1284-F5F8-40A5-9154-E4A16F571347}.Release|x86.ActiveCfg = Release|Any CPU
		{FB0F1284-F5F8-40A5-9154-E4A16F571347}.Release|x86.Build.0 = Release|Any CPU
		{06B9A6FE-E805-43DA-9FCF-87FA922838C9}.Debug|Any CPU.ActiveCfg = Debug|Any CPU
		{06B9A6FE-E805-43DA-9FCF-87FA922838C9}.Debug|Any CPU.Build.0 = Debug|Any CPU
		{06B9A6FE-E805-43DA-9FCF-87FA922838C9}.Debug|x64.ActiveCfg = Debug|Any CPU
		{06B9A6FE-E805-43DA-9FCF-87FA922838C9}.Debug|x64.Build.0 = Debug|Any CPU
		{06B9A6FE-E805-43DA-9FCF-87FA922838C9}.Debug|x86.ActiveCfg = Debug|Any CPU
		{06B9A6FE-E805-43DA-9FCF-87FA922838C9}.Debug|x86.Build.0 = Debug|Any CPU
		{06B9A6FE-E805-43DA-9FCF-87FA922838C9}.Release|Any CPU.ActiveCfg = Release|Any CPU
		{06B9A6FE-E805-43DA-9FCF-87FA922838C9}.Release|Any CPU.Build.0 = Release|Any CPU
		{06B9A6FE-E805-43DA-9FCF-87FA922838C9}.Release|x64.ActiveCfg = Release|Any CPU
		{06B9A6FE-E805-43DA-9FCF-87FA922838C9}.Release|x64.Build.0 = Release|Any CPU
		{06B9A6FE-E805-43DA-9FCF-87FA922838C9}.Release|x86.ActiveCfg = Release|Any CPU
		{06B9A6FE-E805-43DA-9FCF-87FA922838C9}.Release|x86.Build.0 = Release|Any CPU
	EndGlobalSection
	GlobalSection(SolutionProperties) = preSolution
		HideSolutionNode = FALSE
	EndGlobalSection
	GlobalSection(NestedProjects) = preSolution
		{CEC6CD41-318F-468F-9555-B91557E50115} = {CA8B3277-296B-4296-B945-E915EBC404A6}
		{D21C7638-1948-4A8E-AF0E-A45011E92F51} = {CEC6CD41-318F-468F-9555-B91557E50115}
		{E54C6CE0-CAB6-4AEB-8C3E-937A5488A0E9} = {CEC6CD41-318F-468F-9555-B91557E50115}
		{81292CD9-377D-4E57-993B-980C9C6F0A4E} = {E54C6CE0-CAB6-4AEB-8C3E-937A5488A0E9}
		{69D1E90D-5C86-4B44-95A2-577B0C309B09} = {CEC6CD41-318F-468F-9555-B91557E50115}
		{E5D46B7C-8363-4E95-B2BF-BC276BB0B972} = {CEC6CD41-318F-468F-9555-B91557E50115}
		{8D3FC5F4-6BC5-480D-92C1-B3B7FD5F9C92} = {E5D46B7C-8363-4E95-B2BF-BC276BB0B972}
		{16F2A7A3-5C0F-4AD0-9E0A-FCBC8B45821A} = {E5D46B7C-8363-4E95-B2BF-BC276BB0B972}
		{A9705BF7-A654-4BA8-9E20-5B0A28675EFA} = {16F2A7A3-5C0F-4AD0-9E0A-FCBC8B45821A}
		{A0AEECA5-3A8E-4FD9-A62F-263B5A9299FB} = {69D1E90D-5C86-4B44-95A2-577B0C309B09}
		{A6191891-9E8E-4E5C-9E12-F3EA1609CE19} = {69D1E90D-5C86-4B44-95A2-577B0C309B09}
		{8DBBABA7-E4B2-4BC3-A7F6-75995C9FB846} = {A0AEECA5-3A8E-4FD9-A62F-263B5A9299FB}
		{9DE06FC6-35D6-4875-BFD8-A99269CB1E58} = {CEC6CD41-318F-468F-9555-B91557E50115}
		{25F648B9-C2DE-4014-A708-42EFB5F615B5} = {9DE06FC6-35D6-4875-BFD8-A99269CB1E58}
		{6EC9BF1C-B069-4CBD-8C2E-25FDC5B27BC5} = {9DE06FC6-35D6-4875-BFD8-A99269CB1E58}
		{50BD897B-E8BD-4E07-84F7-371F326EEB19} = {6EC9BF1C-B069-4CBD-8C2E-25FDC5B27BC5}
		{6BBDA24F-3CD8-4B3F-AEDA-67650DA1F852} = {CEC6CD41-318F-468F-9555-B91557E50115}
		{FB0F1284-F5F8-40A5-9154-E4A16F571347} = {6BBDA24F-3CD8-4B3F-AEDA-67650DA1F852}
		{8FAF7DCA-C819-4ECF-94EE-D73D5BF76DBD} = {6BBDA24F-3CD8-4B3F-AEDA-67650DA1F852}
		{06B9A6FE-E805-43DA-9FCF-87FA922838C9} = {8FAF7DCA-C819-4ECF-94EE-D73D5BF76DBD}
	EndGlobalSection
	GlobalSection(ExtensibilityGlobals) = postSolution
		SolutionGuid = {A9FD369D-D655-4CB3-B07A-DEF04C84825F}
	EndGlobalSection
EndGlobal
